
Microsoft Visual Studio Solution File, Format Version 12.00
# Visual Studio Version 16
VisualStudioVersion = 16.0.30611.23
MinimumVisualStudioVersion = 10.0.40219.1
Project("{2150E333-8FDC-42A3-9474-1A3956D46DE8}") = "1 - UnitTests", "1 - UnitTests", "{2D85A3F6-E07F-47BF-B0FD-097F22C93BE6}"
EndProject
Project("{9A19103F-16F7-4668-BE54-9A1E7A4F7556}") = "Demo.Tests", "Demo.UnitTests\Demo.Tests.csproj", "{EDFB9DBD-6490-4E4B-B88B-D0C4EA2BC2F2}"
EndProject
Global
	GlobalSection(SolutionConfigurationPlatforms) = preSolution
		Debug|Any CPU = Debug|Any CPU
		Release|Any CPU = Release|Any CPU
	EndGlobalSection
	GlobalSection(ProjectConfigurationPlatforms) = postSolution
		{EDFB9DBD-6490-4E4B-B88B-D0C4EA2BC2F2}.Debug|Any CPU.ActiveCfg = Debug|Any CPU
		{EDFB9DBD-6490-4E4B-B88B-D0C4EA2BC2F2}.Debug|Any CPU.Build.0 = Debug|Any CPU
		{EDFB9DBD-6490-4E4B-B88B-D0C4EA2BC2F2}.Release|Any CPU.ActiveCfg = Release|Any CPU
		{EDFB9DBD-6490-4E4B-B88B-D0C4EA2BC2F2}.Release|Any CPU.Build.0 = Release|Any CPU
	EndGlobalSection
	GlobalSection(SolutionProperties) = preSolution
		HideSolutionNode = FALSE
	EndGlobalSection
	GlobalSection(NestedProjects) = preSolution
		{EDFB9DBD-6490-4E4B-B88B-D0C4EA2BC2F2} = {2D85A3F6-E07F-47BF-B0FD-097F22C93BE6}
	EndGlobalSection
	GlobalSection(ExtensibilityGlobals) = postSolution
		SolutionGuid = {CCC03F24-126C-4BC1-B4D3-F97E698EE8DB}
	EndGlobalSection
EndGlobal
