
Microsoft Visual Studio Solution File, Format Version 12.00
# Visual Studio Version 16
VisualStudioVersion = 16.0.30523.141
MinimumVisualStudioVersion = 10.0.40219.1
Project("{9A19103F-16F7-4668-BE54-9A1E7A4F7556}") = "Demo.API", "src\Demo.API\Demo.API.csproj", "{746ACF1B-1DB3-4DE2-A460-90C40D5B7FA9}"
EndProject
Project("{E53339B2-1760-4266-BCC7-CA923CBCF16C}") = "docker-compose", "docker-compose.dcproj", "{D6F58285-E28A-4D93-B897-35F1BD5745F4}"
EndProject
Global
	GlobalSection(SolutionConfigurationPlatforms) = preSolution
		Debug|Any CPU = Debug|Any CPU
		Release|Any CPU = Release|Any CPU
	EndGlobalSection
	GlobalSection(ProjectConfigurationPlatforms) = postSolution
		{746ACF1B-1DB3-4DE2-A460-90C40D5B7FA9}.Debug|Any CPU.ActiveCfg = Debug|Any CPU
		{746ACF1B-1DB3-4DE2-A460-90C40D5B7FA9}.Debug|Any CPU.Build.0 = Debug|Any CPU
		{746ACF1B-1DB3-4DE2-A460-90C40D5B7FA9}.Release|Any CPU.ActiveCfg = Release|Any CPU
		{746ACF1B-1DB3-4DE2-A460-90C40D5B7FA9}.Release|Any CPU.Build.0 = Release|Any CPU
		{D6F58285-E28A-4D93-B897-35F1BD5745F4}.Debug|Any CPU.ActiveCfg = Debug|Any CPU
		{D6F58285-E28A-4D93-B897-35F1BD5745F4}.Debug|Any CPU.Build.0 = Debug|Any CPU
		{D6F58285-E28A-4D93-B897-35F1BD5745F4}.Release|Any CPU.ActiveCfg = Release|Any CPU
		{D6F58285-E28A-4D93-B897-35F1BD5745F4}.Release|Any CPU.Build.0 = Release|Any CPU
	EndGlobalSection
	GlobalSection(SolutionProperties) = preSolution
		HideSolutionNode = FALSE
	EndGlobalSection
	GlobalSection(ExtensibilityGlobals) = postSolution
		SolutionGuid = {8EF8A6DD-FB2F-4C66-ABCB-68032F91D0AC}
	EndGlobalSection
EndGlobal
